
Microsoft Visual Studio Solution File, Format Version 12.00
# Visual Studio Version 16
VisualStudioVersion = 16.0.29411.108
MinimumVisualStudioVersion = 10.0.40219.1
Project("{FAE04EC0-301F-11D3-BF4B-00C04F79EFBC}") = "Sistem.Antrian", "Sistem.Antrian\Sistem.Antrian.csproj", "{0E334FB4-6E17-42F7-9D65-A85220E8168E}"
EndProject
Global
	GlobalSection(SolutionConfigurationPlatforms) = preSolution
		Debug|Any CPU = Debug|Any CPU
		Release|Any CPU = Release|Any CPU
	EndGlobalSection
	GlobalSection(ProjectConfigurationPlatforms) = postSolution
		{0E334FB4-6E17-42F7-9D65-A85220E8168E}.Debug|Any CPU.ActiveCfg = Debug|Any CPU
		{0E334FB4-6E17-42F7-9D65-A85220E8168E}.Debug|Any CPU.Build.0 = Debug|Any CPU
		{0E334FB4-6E17-42F7-9D65-A85220E8168E}.Release|Any CPU.ActiveCfg = Release|Any CPU
		{0E334FB4-6E17-42F7-9D65-A85220E8168E}.Release|Any CPU.Build.0 = Release|Any CPU
	EndGlobalSection
	GlobalSection(SolutionProperties) = preSolution
		HideSolutionNode = FALSE
	EndGlobalSection
	GlobalSection(ExtensibilityGlobals) = postSolution
		SolutionGuid = {6D8AFB40-18B9-4DC5-B168-F49B373846F1}
	EndGlobalSection
EndGlobal
